
Microsoft Visual Studio Solution File, Format Version 12.00
# Visual Studio Version 17
VisualStudioVersion = 17.14.36915.13 d17.14
MinimumVisualStudioVersion = 10.0.40219.1
Project("{FAE04EC0-301F-11D3-BF4B-00C04F79EFBC}") = "SeccBot", "SeccBot.csproj", "{8CEF6C4D-4657-459D-B0F6-A385C1CA860E}"
EndProject
Global
	GlobalSection(SolutionConfigurationPlatforms) = preSolution
		Debug|Any CPU = Debug|Any CPU
		Release|Any CPU = Release|Any CPU
	EndGlobalSection
	GlobalSection(ProjectConfigurationPlatforms) = postSolution
		{8CEF6C4D-4657-459D-B0F6-A385C1CA860E}.Debug|Any CPU.ActiveCfg = Debug|Any CPU
		{8CEF6C4D-4657-459D-B0F6-A385C1CA860E}.Debug|Any CPU.Build.0 = Debug|Any CPU
		{8CEF6C4D-4657-459D-B0F6-A385C1CA860E}.Release|Any CPU.ActiveCfg = Release|Any CPU
		{8CEF6C4D-4657-459D-B0F6-A385C1CA860E}.Release|Any CPU.Build.0 = Release|Any CPU
	EndGlobalSection
	GlobalSection(SolutionProperties) = preSolution
		HideSolutionNode = FALSE
	EndGlobalSection
	GlobalSection(ExtensibilityGlobals) = postSolution
		SolutionGuid = {E3076049-D614-4840-9CD5-11897E4E27AC}
	EndGlobalSection
EndGlobal
